gitlab.myteksi.net/gophers/go/commons/util/log/logging v1.1.5 h1:hzCn4IOVjdtViRwNoEmyc//M6AWn19rnzODoxddtes8=
gitlab.myteksi.net/gophers/go/commons/util/log/yall v1.0.6 h1:wm+X38x5I8bjkAVBNIBhKkwOIICwHpgYLxbs8FKXXsc=
gitlab.myteksi.net/gophers/go/commons/util/tags v1.1.2 h1:tsmI06mTUu4q6gw2QVFWEedQhUkT40Ghndpsd7bXers=
gitlab.myteksi.net/gophers/go/staples/logging v1.0.0 h1:SQJbd5eMrfKCl4YMVYpNnYAW7zJZ2TM+3+r3ZtkvpRo=
